{
  "version": 4,
  "terraform_version": "1.2.8",
  "serial": 26,
  "lineage": "573be999-527a-abd7-b91a-97272b4282c2",
  "outputs": {},
  "resources": [
    {
      "mode": "managed",
      "type": "github_team",
      "name": "org_Team",
      "provider": "provider[\"registry.terraform.io/integrations/github\"]",
      "instances": [
        {
          "schema_version": 0,
          "attributes": {
            "create_default_maintainer": false,
            "description": "",
            "etag": "W/\"9e8508e123621e3e97a3d134f2c947fa9264af612fc5077950ec73636c91792a\"",
            "id": "6628758",
            "ldap_dn": "",
            "members_count": 1,
            "name": "TeamAvi",
            "node_id": "T_kwDOBsGwVM4AZSWW",
            "parent_team_id": null,
            "privacy": "closed",
            "slug": "teamags"
          },
          "sensitive_attributes": [],
          "private": "bnVsbA=="
        }
      ]
    },
    {
      "mode": "managed",
      "type": "github_team_members",
      "name": "some_team_members",
      "provider": "provider[\"registry.terraform.io/integrations/github\"]",
      "instances": [
        {
          "schema_version": 0,
          "attributes": {
            "etag": "05e4f9a8daa849d1ce3438e0fafcef96",
            "id": "6628758",
            "members": [
              {
                "role": "maintainer",
                "username": "abhardwaj21"
              }
            ],
            "team_id": "6628758"
          },
          "sensitive_attributes": [],
          "private": "bnVsbA==",
          "dependencies": [
            "github_team.org_Team"
          ]
        }
      ]
    }
  ]
}
